<?xml version="1.0" encoding="utf-8"?>
<Project ToolsVersion="4.0" xmlns="http://schemas.microsoft.com/developer/msbuild/2003">
  <ItemGroup>
    <Filter Include="Source Files">
      <UniqueIdentifier>{e773c308-79b8-4e5f-9b3c-2b389ea64c7e}</UniqueIdentifier>
      <Extensions>cpp</Extensions>
    </Filter>
    <Filter Include="Header Files">
      <UniqueIdentifier>{fc41a93b-578d-4e53-933c-8613c0b086a9}</UniqueIdentifier>
      <Extensions>h</Extensions>
    </Filter>
    <Filter Include="Miscellaneous Files">
      <UniqueIdentifier>{c0308c4e-668d-4930-9df5-96099fc49129}</UniqueIdentifier>
      <Extensions>txt</Extensions>
    </Filter>
  </ItemGroup>
  <ItemGroup>
    <None Include="ReadMe.txt">
      <Filter>Miscellaneous Files</Filter>
    </None>
    <None Include="Options.txt">
      <Filter>Miscellaneous Files</Filter>
    </None>
  </ItemGroup>
  <ItemGroup>
    <ClCompile Include="pluginMain.cpp">
      <Filter>Source Files</Filter>
    </ClCompile>
    <ClCompile Include="RiverNetworkNode.cpp">
      <Filter>Source Files</Filter>
    </ClCompile>
    <ClCompile Include="..\HydroTerrain\RiverNode.cpp">
      <Filter>Source Files</Filter>
    </ClCompile>
    <ClCompile Include="..\HydroTerrain\vec.cpp">
      <Filter>Source Files</Filter>
    </ClCompile>
    <ClCompile Include="..\NVoronoi\Voronoi.cpp">
      <Filter>Source Files</Filter>
    </ClCompile>
    <ClCompile Include="..\NVoronoi\VoronoiManager.cpp">
      <Filter>Source Files</Filter>
    </ClCompile>
    <ClCompile Include="..\NVoronoi\VoronoiPoly.cpp">
      <Filter>Source Files</Filter>
    </ClCompile>
    <ClCompile Include="..\NVoronoi\VParabola.cpp">
      <Filter>Source Files</Filter>
    </ClCompile>
  </ItemGroup>
  <ItemGroup>
    <ClInclude Include="RiverNetworkNode.h">
      <Filter>Header Files</Filter>
    </ClInclude>
    <ClInclude Include="..\HydroTerrain\RiverNode.h">
      <Filter>Header Files</Filter>
    </ClInclude>
    <ClInclude Include="..\HydroTerrain\tree\tree.hpp">
      <Filter>Header Files</Filter>
    </ClInclude>
    <ClInclude Include="..\HydroTerrain\tree\tree_util.hpp">
      <Filter>Header Files</Filter>
    </ClInclude>
    <ClInclude Include="..\HydroTerrain\vec.h">
      <Filter>Header Files</Filter>
    </ClInclude>
    <ClInclude Include="..\HydroTerrain\CImg.h">
      <Filter>Header Files</Filter>
    </ClInclude>
    <ClInclude Include="..\NVoronoi\VoronoiManager.h">
      <Filter>Header Files</Filter>
    </ClInclude>
  </ItemGroup>
</Project>